<?xml version="1.0" encoding="utf-8"?>
<Project ToolsVersion="4.0" xmlns="http://schemas.microsoft.com/developer/msbuild/2003">
  <ItemGroup>
    <Filter Include="헤더 파일">
      <UniqueIdentifier>{28085cfc-393e-42e2-8dd3-21dc483c5853}</UniqueIdentifier>
    </Filter>
    <Filter Include="소스 파일">
      <UniqueIdentifier>{74dc7beb-5cbe-40d0-8848-f74246e11c1c}</UniqueIdentifier>
    </Filter>
    <Filter Include="리소스 파일">
      <UniqueIdentifier>{a9b8c4e4-c1c8-4ba2-a04f-1e77f5442ac5}</UniqueIdentifier>
    </Filter>
  </ItemGroup>
  <ItemGroup>
    <ClCompile Include="독하게 시작하는 C프로그래밍.c">
      <Filter>소스 파일</Filter>
    </ClCompile>
  </ItemGroup>
</Project>